
Microsoft Visual Studio Solution File, Format Version 12.00
# Visual Studio 14
VisualStudioVersion = 14.0.25420.1
MinimumVisualStudioVersion = 10.0.40219.1
Project("{FAE04EC0-301F-11D3-BF4B-00C04F79EFBC}") = "Northwind.UI.WPF", "Northwind.UI.WPF\Northwind.UI.WPF.csproj", "{EC109426-F507-4314-8111-9E6EF05F97EC}"
EndProject
Project("{FAE04EC0-301F-11D3-BF4B-00C04F79EFBC}") = "Northwind.ViewModel", "Northwind.ViewModel\Northwind.ViewModel.csproj", "{0F9BA5DF-0A1A-4A83-B7F6-FB60E20D3E14}"
EndProject
Project("{FAE04EC0-301F-11D3-BF4B-00C04F79EFBC}") = "Northwind.Data", "Northwind.Data\Northwind.Data.csproj", "{24B116E7-FBA4-40F8-AAAE-7BF2C2596AA8}"
EndProject
Project("{2150E333-8FDC-42A3-9474-1A3956D46DE8}") = "Files", "Files", "{25B272A9-F472-4A3A-A176-59D12BFDE9B9}"
EndProject
Project("{2150E333-8FDC-42A3-9474-1A3956D46DE8}") = "DB", "DB", "{63BA57A5-3F3D-489A-BA78-1223918470AE}"
	ProjectSection(SolutionItems) = preProject
		..\..\..\..\NORTHWND.MDF = ..\..\..\..\NORTHWND.MDF
	EndProjectSection
EndProject
Project("{FAE04EC0-301F-11D3-BF4B-00C04F79EFBC}") = "Northwind.Application", "Northwind.Application\Northwind.Application.csproj", "{ECEC70C1-892A-4E7E-99EC-51C37F44E5D7}"
EndProject
Project("{FAE04EC0-301F-11D3-BF4B-00C04F79EFBC}") = "Northwind.ViewModelTests", "Northwind.ViewModelTests\Northwind.ViewModelTests.csproj", "{DF771656-5EF4-477C-88C6-6E60FA22D0BC}"
EndProject
Global
	GlobalSection(SolutionConfigurationPlatforms) = preSolution
		Debug|Any CPU = Debug|Any CPU
		Release|Any CPU = Release|Any CPU
	EndGlobalSection
	GlobalSection(ProjectConfigurationPlatforms) = postSolution
		{EC109426-F507-4314-8111-9E6EF05F97EC}.Debug|Any CPU.ActiveCfg = Debug|Any CPU
		{EC109426-F507-4314-8111-9E6EF05F97EC}.Debug|Any CPU.Build.0 = Debug|Any CPU
		{EC109426-F507-4314-8111-9E6EF05F97EC}.Release|Any CPU.ActiveCfg = Release|Any CPU
		{EC109426-F507-4314-8111-9E6EF05F97EC}.Release|Any CPU.Build.0 = Release|Any CPU
		{0F9BA5DF-0A1A-4A83-B7F6-FB60E20D3E14}.Debug|Any CPU.ActiveCfg = Debug|Any CPU
		{0F9BA5DF-0A1A-4A83-B7F6-FB60E20D3E14}.Debug|Any CPU.Build.0 = Debug|Any CPU
		{0F9BA5DF-0A1A-4A83-B7F6-FB60E20D3E14}.Release|Any CPU.ActiveCfg = Release|Any CPU
		{0F9BA5DF-0A1A-4A83-B7F6-FB60E20D3E14}.Release|Any CPU.Build.0 = Release|Any CPU
		{24B116E7-FBA4-40F8-AAAE-7BF2C2596AA8}.Debug|Any CPU.ActiveCfg = Debug|Any CPU
		{24B116E7-FBA4-40F8-AAAE-7BF2C2596AA8}.Debug|Any CPU.Build.0 = Debug|Any CPU
		{24B116E7-FBA4-40F8-AAAE-7BF2C2596AA8}.Release|Any CPU.ActiveCfg = Release|Any CPU
		{24B116E7-FBA4-40F8-AAAE-7BF2C2596AA8}.Release|Any CPU.Build.0 = Release|Any CPU
		{ECEC70C1-892A-4E7E-99EC-51C37F44E5D7}.Debug|Any CPU.ActiveCfg = Debug|Any CPU
		{ECEC70C1-892A-4E7E-99EC-51C37F44E5D7}.Debug|Any CPU.Build.0 = Debug|Any CPU
		{ECEC70C1-892A-4E7E-99EC-51C37F44E5D7}.Release|Any CPU.ActiveCfg = Release|Any CPU
		{ECEC70C1-892A-4E7E-99EC-51C37F44E5D7}.Release|Any CPU.Build.0 = Release|Any CPU
		{DF771656-5EF4-477C-88C6-6E60FA22D0BC}.Debug|Any CPU.ActiveCfg = Debug|Any CPU
		{DF771656-5EF4-477C-88C6-6E60FA22D0BC}.Debug|Any CPU.Build.0 = Debug|Any CPU
		{DF771656-5EF4-477C-88C6-6E60FA22D0BC}.Release|Any CPU.ActiveCfg = Release|Any CPU
		{DF771656-5EF4-477C-88C6-6E60FA22D0BC}.Release|Any CPU.Build.0 = Release|Any CPU
	EndGlobalSection
	GlobalSection(SolutionProperties) = preSolution
		HideSolutionNode = FALSE
	EndGlobalSection
	GlobalSection(NestedProjects) = preSolution
		{63BA57A5-3F3D-489A-BA78-1223918470AE} = {25B272A9-F472-4A3A-A176-59D12BFDE9B9}
	EndGlobalSection
EndGlobal
